PODS:
  - IGListDiffKit (4.0.0)
  - IGListKit (4.0.0):
    - IGListDiffKit (= 4.0.0)
  - PanModal (1.2.5)
  - Signals (6.1.0)
  - VertigoX (0.3.0):
    - IGListKit (~> 4.0.0)
    - PanModal (~> 1.2.5)
    - Signals (~> 6.0)

DEPENDENCIES:
  - IGListKit (~> 4.0.0)
  - PanModal (~> 1.2.5)
  - Signals (~> 6.0)
  - VertigoX (from `../`)

SPEC REPOS:
  trunk:
    - IGListDiffKit
    - IGListKit
    - PanModal
    - Signals

EXTERNAL SOURCES:
  VertigoX:
    :path: "../"

SPEC CHECKSUMS:
  IGListDiffKit: 665d6cf43ce726e676013db9c7d6c4294259b6b2
  IGListKit: fd5a5d21935298f5849fa49d426843cff97b77c7
  PanModal: 7c5af3ad4fe22b91508040965bebffb89fb607ae
  Signals: f8e5c979e93c35273f8dfe55ee7f47213d3e8fe8
  VertigoX: fc970b7dfe6163162c8955c6982df2bd20549315

PODFILE CHECKSUM: c025c513faebd809472ca9644614c390bc375b7b

COCOAPODS: 1.8.4
