// !$*UTF8*$!
{
	archiveVersion = 1;
	classes = {
	};
	objectVersion = 46;
	objects = {

/* Begin PBXBuildFile section */
		058E6879B51B689852C2C45C /* Pods_VertigoX_Example.framework in Frameworks */ = {isa = PBXBuildFile; fileRef = E176385EAC8CBC2577F15E3C /* Pods_VertigoX_Example.framework */; };
		05D9FB182119775A765FFA55 /* Pods_VertigoX_Tests.framework in Frameworks */ = {isa = PBXBuildFile; fileRef = 269F487E25A1B1290C5A094D /* Pods_VertigoX_Tests.framework */; };
		607FACDD1AFB9204008FA782 /* Images.xcassets in Resources */ = {isa = PBXBuildFile; fileRef = 607FACDC1AFB9204008FA782 /* Images.xcassets */; };
		607FACE01AFB9204008FA782 /* LaunchScreen.xib in Resources */ = {isa = PBXBuildFile; fileRef = 607FACDE1AFB9204008FA782 /* LaunchScreen.xib */; };
		607FACEC1AFB9204008FA782 /* Tests.swift in Sources */ = {isa = PBXBuildFile; fileRef = 607FACEB1AFB9204008FA782 /* Tests.swift */; };
		BC21039623A7023000DDE520 /* AppDelegate.swift in Sources */ = {isa = PBXBuildFile; fileRef = BC21039423A7023000DDE520 /* AppDelegate.swift */; };
		BC21039723A7023000DDE520 /* AppDelegateCoordinator.swift in Sources */ = {isa = PBXBuildFile; fileRef = BC21039523A7023000DDE520 /* AppDelegateCoordinator.swift */; };
		BC21039C23A7023900DDE520 /* ModuleFactoryImp.swift in Sources */ = {isa = PBXBuildFile; fileRef = BC21039923A7023900DDE520 /* ModuleFactoryImp.swift */; };
		BC21039D23A7023900DDE520 /* CoordinatorFactoryImp.swift in Sources */ = {isa = PBXBuildFile; fileRef = BC21039A23A7023900DDE520 /* CoordinatorFactoryImp.swift */; };
		BC21039E23A7023900DDE520 /* CoordinatorFactory.swift in Sources */ = {isa = PBXBuildFile; fileRef = BC21039B23A7023900DDE520 /* CoordinatorFactory.swift */; };
		BC2103A923A7024000DDE520 /* ShopCoordinator.swift in Sources */ = {isa = PBXBuildFile; fileRef = BC2103A123A7024000DDE520 /* ShopCoordinator.swift */; };
		BC2103AA23A7024000DDE520 /* ShopVC.swift in Sources */ = {isa = PBXBuildFile; fileRef = BC2103A323A7024000DDE520 /* ShopVC.swift */; };
		BC2103AB23A7024000DDE520 /* AddItemVC.swift in Sources */ = {isa = PBXBuildFile; fileRef = BC2103A523A7024000DDE520 /* AddItemVC.swift */; };
		BC2103AC23A7024000DDE520 /* LoginCoordinator.swift in Sources */ = {isa = PBXBuildFile; fileRef = BC2103A723A7024000DDE520 /* LoginCoordinator.swift */; };
		BC2103AD23A7024000DDE520 /* LoginVC.swift in Sources */ = {isa = PBXBuildFile; fileRef = BC2103A823A7024000DDE520 /* LoginVC.swift */; };
		BC50E32023E0D68A00189898 /* ItemDetailsVC.swift in Sources */ = {isa = PBXBuildFile; fileRef = BC50E31F23E0D68A00189898 /* ItemDetailsVC.swift */; };
		BC562B9523E2272700E7BFC2 /* ItemDetailsCoordinator.swift in Sources */ = {isa = PBXBuildFile; fileRef = BC562B9423E2272700E7BFC2 /* ItemDetailsCoordinator.swift */; };
		BC62BF9923E7A5A600A520B0 /* EditItemDetailsViewController.swift in Sources */ = {isa = PBXBuildFile; fileRef = BC62BF9823E7A5A600A520B0 /* EditItemDetailsViewController.swift */; };
		BCA0A40723CCEB170046DB45 /* AddItemCoordinator.swift in Sources */ = {isa = PBXBuildFile; fileRef = BCA0A40623CCEB170046DB45 /* AddItemCoordinator.swift */; };
		BCD9B77423DCFF7600D1B958 /* ShopVM.swift in Sources */ = {isa = PBXBuildFile; fileRef = BCD9B77323DCFF7600D1B958 /* ShopVM.swift */; };
		BCD9B77623DD021F00D1B958 /* ShopItem.swift in Sources */ = {isa = PBXBuildFile; fileRef = BCD9B77523DD021F00D1B958 /* ShopItem.swift */; };
		BCD9B77823DDAB7100D1B958 /* TestSection.swift in Sources */ = {isa = PBXBuildFile; fileRef = BCD9B77723DDAB7100D1B958 /* TestSection.swift */; };
/* End PBXBuildFile section */

/* Begin PBXContainerItemProxy section */
		607FACE61AFB9204008FA782 /* PBXContainerItemProxy */ = {
			isa = PBXContainerItemProxy;
			containerPortal = 607FACC81AFB9204008FA782 /* Project object */;
			proxyType = 1;
			remoteGlobalIDString = 607FACCF1AFB9204008FA782;
			remoteInfo = VertigoX;
		};
/* End PBXContainerItemProxy section */

/* Begin PBXFileReference section */
		269F487E25A1B1290C5A094D /* Pods_VertigoX_Tests.framework */ = {isa = PBXFileReference; explicitFileType = wrapper.framework; includeInIndex = 0; path = Pods_VertigoX_Tests.framework; sourceTree = BUILT_PRODUCTS_DIR; };
		607FACD01AFB9204008FA782 /* VertigoX_Example.app */ = {isa = PBXFileReference; explicitFileType = wrapper.application; includeInIndex = 0; path = VertigoX_Example.app; sourceTree = BUILT_PRODUCTS_DIR; };
		607FACD41AFB9204008FA782 /* Info.plist */ = {isa = PBXFileReference; lastKnownFileType = text.plist.xml; path = Info.plist; sourceTree = "<group>"; };
		607FACDC1AFB9204008FA782 /* Images.xcassets */ = {isa = PBXFileReference; lastKnownFileType = folder.assetcatalog; path = Images.xcassets; sourceTree = "<group>"; };
		607FACDF1AFB9204008FA782 /* Base */ = {isa = PBXFileReference; lastKnownFileType = file.xib; name = Base; path = Base.lproj/LaunchScreen.xib; sourceTree = "<group>"; };
		607FACE51AFB9204008FA782 /* VertigoX_Tests.xctest */ = {isa = PBXFileReference; explicitFileType = wrapper.cfbundle; includeInIndex = 0; path = VertigoX_Tests.xctest; sourceTree = BUILT_PRODUCTS_DIR; };
		607FACEA1AFB9204008FA782 /* Info.plist */ = {isa = PBXFileReference; lastKnownFileType = text.plist.xml; path = Info.plist; sourceTree = "<group>"; };
		607FACEB1AFB9204008FA782 /* Tests.swift */ = {isa = PBXFileReference; lastKnownFileType = sourcecode.swift; path = Tests.swift; sourceTree = "<group>"; };
		810DC4AF9E84A4EDA140860C /* Pods-VertigoX_Tests.debug.xcconfig */ = {isa = PBXFileReference; includeInIndex = 1; lastKnownFileType = text.xcconfig; name = "Pods-VertigoX_Tests.debug.xcconfig"; path = "Target Support Files/Pods-VertigoX_Tests/Pods-VertigoX_Tests.debug.xcconfig"; sourceTree = "<group>"; };
		9E564B49B307072340F95283 /* Pods-VertigoX_Example.debug.xcconfig */ = {isa = PBXFileReference; includeInIndex = 1; lastKnownFileType = text.xcconfig; name = "Pods-VertigoX_Example.debug.xcconfig"; path = "Target Support Files/Pods-VertigoX_Example/Pods-VertigoX_Example.debug.xcconfig"; sourceTree = "<group>"; };
		B950C4C943A13AC52D0F0708 /* VertigoX.podspec */ = {isa = PBXFileReference; includeInIndex = 1; lastKnownFileType = text; name = VertigoX.podspec; path = ../VertigoX.podspec; sourceTree = "<group>"; xcLanguageSpecificationIdentifier = xcode.lang.ruby; };
		BC21039423A7023000DDE520 /* AppDelegate.swift */ = {isa = PBXFileReference; fileEncoding = 4; lastKnownFileType = sourcecode.swift; path = AppDelegate.swift; sourceTree = "<group>"; };
		BC21039523A7023000DDE520 /* AppDelegateCoordinator.swift */ = {isa = PBXFileReference; fileEncoding = 4; lastKnownFileType = sourcecode.swift; path = AppDelegateCoordinator.swift; sourceTree = "<group>"; };
		BC21039923A7023900DDE520 /* ModuleFactoryImp.swift */ = {isa = PBXFileReference; fileEncoding = 4; lastKnownFileType = sourcecode.swift; path = ModuleFactoryImp.swift; sourceTree = "<group>"; };
		BC21039A23A7023900DDE520 /* CoordinatorFactoryImp.swift */ = {isa = PBXFileReference; fileEncoding = 4; lastKnownFileType = sourcecode.swift; path = CoordinatorFactoryImp.swift; sourceTree = "<group>"; };
		BC21039B23A7023900DDE520 /* CoordinatorFactory.swift */ = {isa = PBXFileReference; fileEncoding = 4; lastKnownFileType = sourcecode.swift; path = CoordinatorFactory.swift; sourceTree = "<group>"; };
		BC2103A123A7024000DDE520 /* ShopCoordinator.swift */ = {isa = PBXFileReference; fileEncoding = 4; lastKnownFileType = sourcecode.swift; path = ShopCoordinator.swift; sourceTree = "<group>"; };
		BC2103A323A7024000DDE520 /* ShopVC.swift */ = {isa = PBXFileReference; fileEncoding = 4; lastKnownFileType = sourcecode.swift; path = ShopVC.swift; sourceTree = "<group>"; };
		BC2103A523A7024000DDE520 /* AddItemVC.swift */ = {isa = PBXFileReference; fileEncoding = 4; lastKnownFileType = sourcecode.swift; path = AddItemVC.swift; sourceTree = "<group>"; };
		BC2103A723A7024000DDE520 /* LoginCoordinator.swift */ = {isa = PBXFileReference; fileEncoding = 4; lastKnownFileType = sourcecode.swift; path = LoginCoordinator.swift; sourceTree = "<group>"; };
		BC2103A823A7024000DDE520 /* LoginVC.swift */ = {isa = PBXFileReference; fileEncoding = 4; lastKnownFileType = sourcecode.swift; path = LoginVC.swift; sourceTree = "<group>"; };
		BC50E31F23E0D68A00189898 /* ItemDetailsVC.swift */ = {isa = PBXFileReference; lastKnownFileType = sourcecode.swift; path = ItemDetailsVC.swift; sourceTree = "<group>"; };
		BC562B9423E2272700E7BFC2 /* ItemDetailsCoordinator.swift */ = {isa = PBXFileReference; lastKnownFileType = sourcecode.swift; path = ItemDetailsCoordinator.swift; sourceTree = "<group>"; };
		BC62BF9823E7A5A600A520B0 /* EditItemDetailsViewController.swift */ = {isa = PBXFileReference; lastKnownFileType = sourcecode.swift; path = EditItemDetailsViewController.swift; sourceTree = "<group>"; };
		BCA0A40623CCEB170046DB45 /* AddItemCoordinator.swift */ = {isa = PBXFileReference; lastKnownFileType = sourcecode.swift; path = AddItemCoordinator.swift; sourceTree = "<group>"; };
		BCD9B77323DCFF7600D1B958 /* ShopVM.swift */ = {isa = PBXFileReference; lastKnownFileType = sourcecode.swift; path = ShopVM.swift; sourceTree = "<group>"; };
		BCD9B77523DD021F00D1B958 /* ShopItem.swift */ = {isa = PBXFileReference; lastKnownFileType = sourcecode.swift; path = ShopItem.swift; sourceTree = "<group>"; };
		BCD9B77723DDAB7100D1B958 /* TestSection.swift */ = {isa = PBXFileReference; lastKnownFileType = sourcecode.swift; path = TestSection.swift; sourceTree = "<group>"; };
		C2B4B885A84B628415515AE4 /* LICENSE */ = {isa = PBXFileReference; includeInIndex = 1; lastKnownFileType = text; name = LICENSE; path = ../LICENSE; sourceTree = "<group>"; };
		D8FC32C006BD74513F31E7A3 /* Pods-VertigoX_Tests.release.xcconfig */ = {isa = PBXFileReference; includeInIndex = 1; lastKnownFileType = text.xcconfig; name = "Pods-VertigoX_Tests.release.xcconfig"; path = "Target Support Files/Pods-VertigoX_Tests/Pods-VertigoX_Tests.release.xcconfig"; sourceTree = "<group>"; };
		DC8D3344E46E7343805DF844 /* README.md */ = {isa = PBXFileReference; includeInIndex = 1; lastKnownFileType = net.daringfireball.markdown; name = README.md; path = ../README.md; sourceTree = "<group>"; };
		E176385EAC8CBC2577F15E3C /* Pods_VertigoX_Example.framework */ = {isa = PBXFileReference; explicitFileType = wrapper.framework; includeInIndex = 0; path = Pods_VertigoX_Example.framework; sourceTree = BUILT_PRODUCTS_DIR; };
		EE8707F2279945BBC7315CED /* Pods-VertigoX_Example.release.xcconfig */ = {isa = PBXFileReference; includeInIndex = 1; lastKnownFileType = text.xcconfig; name = "Pods-VertigoX_Example.release.xcconfig"; path = "Target Support Files/Pods-VertigoX_Example/Pods-VertigoX_Example.release.xcconfig"; sourceTree = "<group>"; };
/* End PBXFileReference section */

/* Begin PBXFrameworksBuildPhase section */
		607FACCD1AFB9204008FA782 /* Frameworks */ = {
			isa = PBXFrameworksBuildPhase;
			buildActionMask = 2147483647;
			files = (
				058E6879B51B689852C2C45C /* Pods_VertigoX_Example.framework in Frameworks */,
			);
			runOnlyForDeploymentPostprocessing = 0;
		};
		607FACE21AFB9204008FA782 /* Frameworks */ = {
			isa = PBXFrameworksBuildPhase;
			buildActionMask = 2147483647;
			files = (
				05D9FB182119775A765FFA55 /* Pods_VertigoX_Tests.framework in Frameworks */,
			);
			runOnlyForDeploymentPostprocessing = 0;
		};
/* End PBXFrameworksBuildPhase section */

/* Begin PBXGroup section */
		56058EAE121D6CF1328D5F2C /* Frameworks */ = {
			isa = PBXGroup;
			children = (
				E176385EAC8CBC2577F15E3C /* Pods_VertigoX_Example.framework */,
				269F487E25A1B1290C5A094D /* Pods_VertigoX_Tests.framework */,
			);
			name = Frameworks;
			sourceTree = "<group>";
		};
		607FACC71AFB9204008FA782 = {
			isa = PBXGroup;
			children = (
				607FACF51AFB993E008FA782 /* Podspec Metadata */,
				607FACD21AFB9204008FA782 /* Example for VertigoX */,
				607FACE81AFB9204008FA782 /* Tests */,
				607FACD11AFB9204008FA782 /* Products */,
				658C2390DA1059336BCD8174 /* Pods */,
				56058EAE121D6CF1328D5F2C /* Frameworks */,
			);
			sourceTree = "<group>";
		};
		607FACD11AFB9204008FA782 /* Products */ = {
			isa = PBXGroup;
			children = (
				607FACD01AFB9204008FA782 /* VertigoX_Example.app */,
				607FACE51AFB9204008FA782 /* VertigoX_Tests.xctest */,
			);
			name = Products;
			sourceTree = "<group>";
		};
		607FACD21AFB9204008FA782 /* Example for VertigoX */ = {
			isa = PBXGroup;
			children = (
				BC21039823A7023900DDE520 /* Factorys */,
				BC21039323A7023000DDE520 /* App Delegate */,
				BC21039F23A7024000DDE520 /* Coordinator Example */,
				607FACDC1AFB9204008FA782 /* Images.xcassets */,
				607FACDE1AFB9204008FA782 /* LaunchScreen.xib */,
				607FACD31AFB9204008FA782 /* Supporting Files */,
			);
			name = "Example for VertigoX";
			path = VertigoX;
			sourceTree = "<group>";
		};
		607FACD31AFB9204008FA782 /* Supporting Files */ = {
			isa = PBXGroup;
			children = (
				607FACD41AFB9204008FA782 /* Info.plist */,
			);
			name = "Supporting Files";
			sourceTree = "<group>";
		};
		607FACE81AFB9204008FA782 /* Tests */ = {
			isa = PBXGroup;
			children = (
				607FACEB1AFB9204008FA782 /* Tests.swift */,
				607FACE91AFB9204008FA782 /* Supporting Files */,
			);
			path = Tests;
			sourceTree = "<group>";
		};
		607FACE91AFB9204008FA782 /* Supporting Files */ = {
			isa = PBXGroup;
			children = (
				607FACEA1AFB9204008FA782 /* Info.plist */,
			);
			name = "Supporting Files";
			sourceTree = "<group>";
		};
		607FACF51AFB993E008FA782 /* Podspec Metadata */ = {
			isa = PBXGroup;
			children = (
				B950C4C943A13AC52D0F0708 /* VertigoX.podspec */,
				DC8D3344E46E7343805DF844 /* README.md */,
				C2B4B885A84B628415515AE4 /* LICENSE */,
			);
			name = "Podspec Metadata";
			sourceTree = "<group>";
		};
		658C2390DA1059336BCD8174 /* Pods */ = {
			isa = PBXGroup;
			children = (
				9E564B49B307072340F95283 /* Pods-VertigoX_Example.debug.xcconfig */,
				EE8707F2279945BBC7315CED /* Pods-VertigoX_Example.release.xcconfig */,
				810DC4AF9E84A4EDA140860C /* Pods-VertigoX_Tests.debug.xcconfig */,
				D8FC32C006BD74513F31E7A3 /* Pods-VertigoX_Tests.release.xcconfig */,
			);
			path = Pods;
			sourceTree = "<group>";
		};
		BC21039323A7023000DDE520 /* App Delegate */ = {
			isa = PBXGroup;
			children = (
				BC21039423A7023000DDE520 /* AppDelegate.swift */,
				BC21039523A7023000DDE520 /* AppDelegateCoordinator.swift */,
			);
			path = "App Delegate";
			sourceTree = "<group>";
		};
		BC21039823A7023900DDE520 /* Factorys */ = {
			isa = PBXGroup;
			children = (
				BC21039923A7023900DDE520 /* ModuleFactoryImp.swift */,
				BC21039B23A7023900DDE520 /* CoordinatorFactory.swift */,
				BC21039A23A7023900DDE520 /* CoordinatorFactoryImp.swift */,
			);
			path = Factorys;
			sourceTree = "<group>";
		};
		BC21039F23A7024000DDE520 /* Coordinator Example */ = {
			isa = PBXGroup;
			children = (
				BC2103A023A7024000DDE520 /* Shop Flow */,
				BC62BF9723E7A11900A520B0 /* Item Details Flow */,
				BCA0A40523CCEB090046DB45 /* Add Item Flow */,
				BC2103A623A7024000DDE520 /* Login Flow */,
			);
			path = "Coordinator Example";
			sourceTree = "<group>";
		};
		BC2103A023A7024000DDE520 /* Shop Flow */ = {
			isa = PBXGroup;
			children = (
				BC2103A123A7024000DDE520 /* ShopCoordinator.swift */,
				BC2103A223A7024000DDE520 /* Shop VC */,
			);
			path = "Shop Flow";
			sourceTree = "<group>";
		};
		BC2103A223A7024000DDE520 /* Shop VC */ = {
			isa = PBXGroup;
			children = (
				BCD9B77323DCFF7600D1B958 /* ShopVM.swift */,
				BC2103A323A7024000DDE520 /* ShopVC.swift */,
				BC62BF9323E7A04300A520B0 /* Items */,
				BC62BF9223E7A03300A520B0 /* Sections */,
			);
			path = "Shop VC";
			sourceTree = "<group>";
		};
		BC2103A423A7024000DDE520 /* Add Item VC */ = {
			isa = PBXGroup;
			children = (
				BC2103A523A7024000DDE520 /* AddItemVC.swift */,
			);
			path = "Add Item VC";
			sourceTree = "<group>";
		};
		BC2103A623A7024000DDE520 /* Login Flow */ = {
			isa = PBXGroup;
			children = (
				BC2103A723A7024000DDE520 /* LoginCoordinator.swift */,
				BC2103A823A7024000DDE520 /* LoginVC.swift */,
			);
			path = "Login Flow";
			sourceTree = "<group>";
		};
		BC62BF9223E7A03300A520B0 /* Sections */ = {
			isa = PBXGroup;
			children = (
				BCD9B77723DDAB7100D1B958 /* TestSection.swift */,
			);
			path = Sections;
			sourceTree = "<group>";
		};
		BC62BF9323E7A04300A520B0 /* Items */ = {
			isa = PBXGroup;
			children = (
				BCD9B77523DD021F00D1B958 /* ShopItem.swift */,
			);
			path = Items;
			sourceTree = "<group>";
		};
		BC62BF9723E7A11900A520B0 /* Item Details Flow */ = {
			isa = PBXGroup;
			children = (
				BC562B9423E2272700E7BFC2 /* ItemDetailsCoordinator.swift */,
				BC50E31F23E0D68A00189898 /* ItemDetailsVC.swift */,
				BC62BF9823E7A5A600A520B0 /* EditItemDetailsViewController.swift */,
			);
			path = "Item Details Flow";
			sourceTree = "<group>";
		};
		BCA0A40523CCEB090046DB45 /* Add Item Flow */ = {
			isa = PBXGroup;
			children = (
				BCA0A40623CCEB170046DB45 /* AddItemCoordinator.swift */,
				BC2103A423A7024000DDE520 /* Add Item VC */,
			);
			path = "Add Item Flow";
			sourceTree = "<group>";
		};
/* End PBXGroup section */

/* Begin PBXNativeTarget section */
		607FACCF1AFB9204008FA782 /* VertigoX_Example */ = {
			isa = PBXNativeTarget;
			buildConfigurationList = 607FACEF1AFB9204008FA782 /* Build configuration list for PBXNativeTarget "VertigoX_Example" */;
			buildPhases = (
				7FD044569A14D3783AC085B3 /* [CP] Check Pods Manifest.lock */,
				607FACCC1AFB9204008FA782 /* Sources */,
				607FACCD1AFB9204008FA782 /* Frameworks */,
				607FACCE1AFB9204008FA782 /* Resources */,
				8C5E54CE3CE750C12E32B8EE /* [CP] Embed Pods Frameworks */,
			);
			buildRules = (
			);
			dependencies = (
			);
			name = VertigoX_Example;
			productName = VertigoX;
			productReference = 607FACD01AFB9204008FA782 /* VertigoX_Example.app */;
			productType = "com.apple.product-type.application";
		};
		607FACE41AFB9204008FA782 /* VertigoX_Tests */ = {
			isa = PBXNativeTarget;
			buildConfigurationList = 607FACF21AFB9204008FA782 /* Build configuration list for PBXNativeTarget "VertigoX_Tests" */;
			buildPhases = (
				54B19BF5F8421BDFB57D8708 /* [CP] Check Pods Manifest.lock */,
				607FACE11AFB9204008FA782 /* Sources */,
				607FACE21AFB9204008FA782 /* Frameworks */,
				607FACE31AFB9204008FA782 /* Resources */,
			);
			buildRules = (
			);
			dependencies = (
				607FACE71AFB9204008FA782 /* PBXTargetDependency */,
			);
			name = VertigoX_Tests;
			productName = Tests;
			productReference = 607FACE51AFB9204008FA782 /* VertigoX_Tests.xctest */;
			productType = "com.apple.product-type.bundle.unit-test";
		};
/* End PBXNativeTarget section */

/* Begin PBXProject section */
		607FACC81AFB9204008FA782 /* Project object */ = {
			isa = PBXProject;
			attributes = {
				LastSwiftUpdateCheck = 0830;
				LastUpgradeCheck = 1120;
				ORGANIZATIONNAME = CocoaPods;
				TargetAttributes = {
					607FACCF1AFB9204008FA782 = {
						CreatedOnToolsVersion = 6.3.1;
						DevelopmentTeam = 3BVQ33R2HW;
						LastSwiftMigration = 1120;
					};
					607FACE41AFB9204008FA782 = {
						CreatedOnToolsVersion = 6.3.1;
						DevelopmentTeam = 3BVQ33R2HW;
						LastSwiftMigration = 1120;
						TestTargetID = 607FACCF1AFB9204008FA782;
					};
				};
			};
			buildConfigurationList = 607FACCB1AFB9204008FA782 /* Build configuration list for PBXProject "VertigoX" */;
			compatibilityVersion = "Xcode 3.2";
			developmentRegion = en;
			hasScannedForEncodings = 0;
			knownRegions = (
				en,
				Base,
			);
			mainGroup = 607FACC71AFB9204008FA782;
			productRefGroup = 607FACD11AFB9204008FA782 /* Products */;
			projectDirPath = "";
			projectRoot = "";
			targets = (
				607FACCF1AFB9204008FA782 /* VertigoX_Example */,
				607FACE41AFB9204008FA782 /* VertigoX_Tests */,
			);
		};
/* End PBXProject section */

/* Begin PBXResourcesBuildPhase section */
		607FACCE1AFB9204008FA782 /* Resources */ = {
			isa = PBXResourcesBuildPhase;
			buildActionMask = 2147483647;
			files = (
				607FACE01AFB9204008FA782 /* LaunchScreen.xib in Resources */,
				607FACDD1AFB9204008FA782 /* Images.xcassets in Resources */,
			);
			runOnlyForDeploymentPostprocessing = 0;
		};
		607FACE31AFB9204008FA782 /* Resources */ = {
			isa = PBXResourcesBuildPhase;
			buildActionMask = 2147483647;
			files = (
			);
			runOnlyForDeploymentPostprocessing = 0;
		};
/* End PBXResourcesBuildPhase section */

/* Begin PBXShellScriptBuildPhase section */
		54B19BF5F8421BDFB57D8708 /* [CP] Check Pods Manifest.lock */ = {
			isa = PBXShellScriptBuildPhase;
			buildActionMask = 2147483647;
			files = (
			);
			inputFileListPaths = (
			);
			inputPaths = (
				"${PODS_PODFILE_DIR_PATH}/Podfile.lock",
				"${PODS_ROOT}/Manifest.lock",
			);
			name = "[CP] Check Pods Manifest.lock";
			outputFileListPaths = (
			);
			outputPaths = (
				"$(DERIVED_FILE_DIR)/Pods-VertigoX_Tests-checkManifestLockResult.txt",
			);
			runOnlyForDeploymentPostprocessing = 0;
			shellPath = /bin/sh;
			shellScript = "diff \"${PODS_PODFILE_DIR_PATH}/Podfile.lock\" \"${PODS_ROOT}/Manifest.lock\" > /dev/null\nif [ $? != 0 ] ; then\n    # print error to STDERR\n    echo \"error: The sandbox is not in sync with the Podfile.lock. Run 'pod install' or update your CocoaPods installation.\" >&2\n    exit 1\nfi\n# This output is used by Xcode 'outputs' to avoid re-running this script phase.\necho \"SUCCESS\" > \"${SCRIPT_OUTPUT_FILE_0}\"\n";
			showEnvVarsInLog = 0;
		};
		7FD044569A14D3783AC085B3 /* [CP] Check Pods Manifest.lock */ = {
			isa = PBXShellScriptBuildPhase;
			buildActionMask = 2147483647;
			files = (
			);
			inputFileListPaths = (
			);
			inputPaths = (
				"${PODS_PODFILE_DIR_PATH}/Podfile.lock",
				"${PODS_ROOT}/Manifest.lock",
			);
			name = "[CP] Check Pods Manifest.lock";
			outputFileListPaths = (
			);
			outputPaths = (
				"$(DERIVED_FILE_DIR)/Pods-VertigoX_Example-checkManifestLockResult.txt",
			);
			runOnlyForDeploymentPostprocessing = 0;
			shellPath = /bin/sh;
			shellScript = "diff \"${PODS_PODFILE_DIR_PATH}/Podfile.lock\" \"${PODS_ROOT}/Manifest.lock\" > /dev/null\nif [ $? != 0 ] ; then\n    # print error to STDERR\n    echo \"error: The sandbox is not in sync with the Podfile.lock. Run 'pod install' or update your CocoaPods installation.\" >&2\n    exit 1\nfi\n# This output is used by Xcode 'outputs' to avoid re-running this script phase.\necho \"SUCCESS\" > \"${SCRIPT_OUTPUT_FILE_0}\"\n";
			showEnvVarsInLog = 0;
		};
		8C5E54CE3CE750C12E32B8EE /* [CP] Embed Pods Frameworks */ = {
			isa = PBXShellScriptBuildPhase;
			buildActionMask = 2147483647;
			files = (
			);
			inputPaths = (
				"${PODS_ROOT}/Target Support Files/Pods-VertigoX_Example/Pods-VertigoX_Example-frameworks.sh",
				"${BUILT_PRODUCTS_DIR}/IGListDiffKit/IGListDiffKit.framework",
				"${BUILT_PRODUCTS_DIR}/IGListKit/IGListKit.framework",
				"${BUILT_PRODUCTS_DIR}/PanModal/PanModal.framework",
				"${BUILT_PRODUCTS_DIR}/Signals/Signals.framework",
				"${BUILT_PRODUCTS_DIR}/VertigoX/VertigoX.framework",
			);
			name = "[CP] Embed Pods Frameworks";
			outputPaths = (
				"${TARGET_BUILD_DIR}/${FRAMEWORKS_FOLDER_PATH}/IGListDiffKit.framework",
				"${TARGET_BUILD_DIR}/${FRAMEWORKS_FOLDER_PATH}/IGListKit.framework",
				"${TARGET_BUILD_DIR}/${FRAMEWORKS_FOLDER_PATH}/PanModal.framework",
				"${TARGET_BUILD_DIR}/${FRAMEWORKS_FOLDER_PATH}/Signals.framework",
				"${TARGET_BUILD_DIR}/${FRAMEWORKS_FOLDER_PATH}/VertigoX.framework",
			);
			runOnlyForDeploymentPostprocessing = 0;
			shellPath = /bin/sh;
			shellScript = "\"${PODS_ROOT}/Target Support Files/Pods-VertigoX_Example/Pods-VertigoX_Example-frameworks.sh\"\n";
			showEnvVarsInLog = 0;
		};
/* End PBXShellScriptBuildPhase section */

/* Begin PBXSourcesBuildPhase section */
		607FACCC1AFB9204008FA782 /* Sources */ = {
			isa = PBXSourcesBuildPhase;
			buildActionMask = 2147483647;
			files = (
				BC50E32023E0D68A00189898 /* ItemDetailsVC.swift in Sources */,
				BC2103AA23A7024000DDE520 /* ShopVC.swift in Sources */,
				BC562B9523E2272700E7BFC2 /* ItemDetailsCoordinator.swift in Sources */,
				BCD9B77823DDAB7100D1B958 /* TestSection.swift in Sources */,
				BC21039D23A7023900DDE520 /* CoordinatorFactoryImp.swift in Sources */,
				BC21039623A7023000DDE520 /* AppDelegate.swift in Sources */,
				BC2103AB23A7024000DDE520 /* AddItemVC.swift in Sources */,
				BCD9B77423DCFF7600D1B958 /* ShopVM.swift in Sources */,
				BC2103AD23A7024000DDE520 /* LoginVC.swift in Sources */,
				BC21039C23A7023900DDE520 /* ModuleFactoryImp.swift in Sources */,
				BC62BF9923E7A5A600A520B0 /* EditItemDetailsViewController.swift in Sources */,
				BC21039723A7023000DDE520 /* AppDelegateCoordinator.swift in Sources */,
				BCD9B77623DD021F00D1B958 /* ShopItem.swift in Sources */,
				BCA0A40723CCEB170046DB45 /* AddItemCoordinator.swift in Sources */,
				BC2103AC23A7024000DDE520 /* LoginCoordinator.swift in Sources */,
				BC2103A923A7024000DDE520 /* ShopCoordinator.swift in Sources */,
				BC21039E23A7023900DDE520 /* CoordinatorFactory.swift in Sources */,
			);
			runOnlyForDeploymentPostprocessing = 0;
		};
		607FACE11AFB9204008FA782 /* Sources */ = {
			isa = PBXSourcesBuildPhase;
			buildActionMask = 2147483647;
			files = (
				607FACEC1AFB9204008FA782 /* Tests.swift in Sources */,
			);
			runOnlyForDeploymentPostprocessing = 0;
		};
/* End PBXSourcesBuildPhase section */

/* Begin PBXTargetDependency section */
		607FACE71AFB9204008FA782 /* PBXTargetDependency */ = {
			isa = PBXTargetDependency;
			target = 607FACCF1AFB9204008FA782 /* VertigoX_Example */;
			targetProxy = 607FACE61AFB9204008FA782 /* PBXContainerItemProxy */;
		};
/* End PBXTargetDependency section */

/* Begin PBXVariantGroup section */
		607FACDE1AFB9204008FA782 /* LaunchScreen.xib */ = {
			isa = PBXVariantGroup;
			children = (
				607FACDF1AFB9204008FA782 /* Base */,
			);
			name = LaunchScreen.xib;
			sourceTree = "<group>";
		};
/* End PBXVariantGroup section */

/* Begin XCBuildConfiguration section */
		607FACED1AFB9204008FA782 /* Debug */ = {
			isa = XCBuildConfiguration;
			buildSettings = {
				ALWAYS_SEARCH_USER_PATHS = NO;
				CLANG_ANALYZER_LOCALIZABILITY_NONLOCALIZED = YES;
				CLANG_CXX_LANGUAGE_STANDARD = "gnu++0x";
				CLANG_CXX_LIBRARY = "libc++";
				CLANG_ENABLE_MODULES = YES;
				CLANG_ENABLE_OBJC_ARC = YES;
				CLANG_WARN_BLOCK_CAPTURE_AUTORELEASING = YES;
				CLANG_WARN_BOOL_CONVERSION = YES;
				CLANG_WARN_COMMA = YES;
				CLANG_WARN_CONSTANT_CONVERSION = YES;
				CLANG_WARN_DEPRECATED_OBJC_IMPLEMENTATIONS = YES;
				CLANG_WARN_DIRECT_OBJC_ISA_USAGE = YES_ERROR;
				CLANG_WARN_EMPTY_BODY = YES;
				CLANG_WARN_ENUM_CONVERSION = YES;
				CLANG_WARN_INFINITE_RECURSION = YES;
				CLANG_WARN_INT_CONVERSION = YES;
				CLANG_WARN_NON_LITERAL_NULL_CONVERSION = YES;
				CLANG_WARN_OBJC_IMPLICIT_RETAIN_SELF = YES;
				CLANG_WARN_OBJC_LITERAL_CONVERSION = YES;
				CLANG_WARN_OBJC_ROOT_CLASS = YES_ERROR;
				CLANG_WARN_RANGE_LOOP_ANALYSIS = YES;
				CLANG_WARN_STRICT_PROTOTYPES = YES;
				CLANG_WARN_SUSPICIOUS_MOVE = YES;
				CLANG_WARN_UNREACHABLE_CODE = YES;
				CLANG_WARN__DUPLICATE_METHOD_MATCH = YES;
				"CODE_SIGN_IDENTITY[sdk=iphoneos*]" = "iPhone Developer";
				COPY_PHASE_STRIP = NO;
				DEBUG_INFORMATION_FORMAT = "dwarf-with-dsym";
				ENABLE_STRICT_OBJC_MSGSEND = YES;
				ENABLE_TESTABILITY = YES;
				GCC_C_LANGUAGE_STANDARD = gnu99;
				GCC_DYNAMIC_NO_PIC = NO;
				GCC_NO_COMMON_BLOCKS = YES;
				GCC_OPTIMIZATION_LEVEL = 0;
				GCC_PREPROCESSOR_DEFINITIONS = (
					"DEBUG=1",
					"$(inherited)",
				);
				GCC_SYMBOLS_PRIVATE_EXTERN = NO;
				GCC_WARN_64_TO_32_BIT_CONVERSION = YES;
				GCC_WARN_ABOUT_RETURN_TYPE = YES_ERROR;
				GCC_WARN_UNDECLARED_SELECTOR = YES;
				GCC_WARN_UNINITIALIZED_AUTOS = YES_AGGRESSIVE;
				GCC_WARN_UNUSED_FUNCTION = YES;
				GCC_WARN_UNUSED_VARIABLE = YES;
				IPHONEOS_DEPLOYMENT_TARGET = 11.0;
				MTL_ENABLE_DEBUG_INFO = YES;
				ONLY_ACTIVE_ARCH = YES;
				SDKROOT = iphoneos;
				SWIFT_OPTIMIZATION_LEVEL = "-Onone";
			};
			name = Debug;
		};
		607FACEE1AFB9204008FA782 /* Release */ = {
			isa = XCBuildConfiguration;
			buildSettings = {
				ALWAYS_SEARCH_USER_PATHS = NO;
				CLANG_ANALYZER_LOCALIZABILITY_NONLOCALIZED = YES;
				CLANG_CXX_LANGUAGE_STANDARD = "gnu++0x";
				CLANG_CXX_LIBRARY = "libc++";
				CLANG_ENABLE_MODULES = YES;
				CLANG_ENABLE_OBJC_ARC = YES;
				CLANG_WARN_BLOCK_CAPTURE_AUTORELEASING = YES;
				CLANG_WARN_BOOL_CONVERSION = YES;
				CLANG_WARN_COMMA = YES;
				CLANG_WARN_CONSTANT_CONVERSION = YES;
				CLANG_WARN_DEPRECATED_OBJC_IMPLEMENTATIONS = YES;
				CLANG_WARN_DIRECT_OBJC_ISA_USAGE = YES_ERROR;
				CLANG_WARN_EMPTY_BODY = YES;
				CLANG_WARN_ENUM_CONVERSION = YES;
				CLANG_WARN_INFINITE_RECURSION = YES;
				CLANG_WARN_INT_CONVERSION = YES;
				CLANG_WARN_NON_LITERAL_NULL_CONVERSION = YES;
				CLANG_WARN_OBJC_IMPLICIT_RETAIN_SELF = YES;
				CLANG_WARN_OBJC_LITERAL_CONVERSION = YES;
				CLANG_WARN_OBJC_ROOT_CLASS = YES_ERROR;
				CLANG_WARN_RANGE_LOOP_ANALYSIS = YES;
				CLANG_WARN_STRICT_PROTOTYPES = YES;
				CLANG_WARN_SUSPICIOUS_MOVE = YES;
				CLANG_WARN_UNREACHABLE_CODE = YES;
				CLANG_WARN__DUPLICATE_METHOD_MATCH = YES;
				"CODE_SIGN_IDENTITY[sdk=iphoneos*]" = "iPhone Developer";
				COPY_PHASE_STRIP = NO;
				DEBUG_INFORMATION_FORMAT = "dwarf-with-dsym";
				ENABLE_NS_ASSERTIONS = NO;
				ENABLE_STRICT_OBJC_MSGSEND = YES;
				GCC_C_LANGUAGE_STANDARD = gnu99;
				GCC_NO_COMMON_BLOCKS = YES;
				GCC_WARN_64_TO_32_BIT_CONVERSION = YES;
				GCC_WARN_ABOUT_RETURN_TYPE = YES_ERROR;
				GCC_WARN_UNDECLARED_SELECTOR = YES;
				GCC_WARN_UNINITIALIZED_AUTOS = YES_AGGRESSIVE;
				GCC_WARN_UNUSED_FUNCTION = YES;
				GCC_WARN_UNUSED_VARIABLE = YES;
				IPHONEOS_DEPLOYMENT_TARGET = 11.0;
				MTL_ENABLE_DEBUG_INFO = NO;
				SDKROOT = iphoneos;
				SWIFT_OPTIMIZATION_LEVEL = "-Owholemodule";
				VALIDATE_PRODUCT = YES;
			};
			name = Release;
		};
		607FACF01AFB9204008FA782 /* Debug */ = {
			isa = XCBuildConfiguration;
			baseConfigurationReference = 9E564B49B307072340F95283 /* Pods-VertigoX_Example.debug.xcconfig */;
			buildSettings = {
				ASSETCATALOG_COMPILER_APPICON_NAME = AppIcon;
				DEVELOPMENT_TEAM = 3BVQ33R2HW;
				INFOPLIST_FILE = VertigoX/Info.plist;
				IPHONEOS_DEPLOYMENT_TARGET = 11.0;
				LD_RUNPATH_SEARCH_PATHS = "$(inherited) @executable_path/Frameworks";
				MODULE_NAME = ExampleApp;
				PRODUCT_BUNDLE_IDENTIFIER = "org.cocoapods.demo.$(PRODUCT_NAME:rfc1034identifier)";
				PRODUCT_NAME = "$(TARGET_NAME)";
				SWIFT_SWIFT3_OBJC_INFERENCE = Default;
				SWIFT_VERSION = 5.0;
			};
			name = Debug;
		};
		607FACF11AFB9204008FA782 /* Release */ = {
			isa = XCBuildConfiguration;
			baseConfigurationReference = EE8707F2279945BBC7315CED /* Pods-VertigoX_Example.release.xcconfig */;
			buildSettings = {
				ASSETCATALOG_COMPILER_APPICON_NAME = AppIcon;
				DEVELOPMENT_TEAM = 3BVQ33R2HW;
				INFOPLIST_FILE = VertigoX/Info.plist;
				IPHONEOS_DEPLOYMENT_TARGET = 11.0;
				LD_RUNPATH_SEARCH_PATHS = "$(inherited) @executable_path/Frameworks";
				MODULE_NAME = ExampleApp;
				PRODUCT_BUNDLE_IDENTIFIER = "org.cocoapods.demo.$(PRODUCT_NAME:rfc1034identifier)";
				PRODUCT_NAME = "$(TARGET_NAME)";
				SWIFT_SWIFT3_OBJC_INFERENCE = Default;
				SWIFT_VERSION = 5.0;
			};
			name = Release;
		};
		607FACF31AFB9204008FA782 /* Debug */ = {
			isa = XCBuildConfiguration;
			baseConfigurationReference = 810DC4AF9E84A4EDA140860C /* Pods-VertigoX_Tests.debug.xcconfig */;
			buildSettings = {
				ALWAYS_EMBED_SWIFT_STANDARD_LIBRARIES = YES;
				DEVELOPMENT_TEAM = 3BVQ33R2HW;
				FRAMEWORK_SEARCH_PATHS = (
					"$(PLATFORM_DIR)/Developer/Library/Frameworks",
					"$(inherited)",
				);
				GCC_PREPROCESSOR_DEFINITIONS = (
					"DEBUG=1",
					"$(inherited)",
				);
				INFOPLIST_FILE = Tests/Info.plist;
				LD_RUNPATH_SEARCH_PATHS = "$(inherited) @executable_path/Frameworks @loader_path/Frameworks";
				PRODUCT_BUNDLE_IDENTIFIER = "org.cocoapods.$(PRODUCT_NAME:rfc1034identifier)";
				PRODUCT_NAME = "$(TARGET_NAME)";
				SWIFT_SWIFT3_OBJC_INFERENCE = Default;
				SWIFT_VERSION = 5.0;
				TEST_HOST = "$(BUILT_PRODUCTS_DIR)/VertigoX_Example.app/VertigoX_Example";
			};
			name = Debug;
		};
		607FACF41AFB9204008FA782 /* Release */ = {
			isa = XCBuildConfiguration;
			baseConfigurationReference = D8FC32C006BD74513F31E7A3 /* Pods-VertigoX_Tests.release.xcconfig */;
			buildSettings = {
				ALWAYS_EMBED_SWIFT_STANDARD_LIBRARIES = YES;
				DEVELOPMENT_TEAM = 3BVQ33R2HW;
				FRAMEWORK_SEARCH_PATHS = (
					"$(PLATFORM_DIR)/Developer/Library/Frameworks",
					"$(inherited)",
				);
				INFOPLIST_FILE = Tests/Info.plist;
				LD_RUNPATH_SEARCH_PATHS = "$(inherited) @executable_path/Frameworks @loader_path/Frameworks";
				PRODUCT_BUNDLE_IDENTIFIER = "org.cocoapods.$(PRODUCT_NAME:rfc1034identifier)";
				PRODUCT_NAME = "$(TARGET_NAME)";
				SWIFT_SWIFT3_OBJC_INFERENCE = Default;
				SWIFT_VERSION = 5.0;
				TEST_HOST = "$(BUILT_PRODUCTS_DIR)/VertigoX_Example.app/VertigoX_Example";
			};
			name = Release;
		};
/* End XCBuildConfiguration section */

/* Begin XCConfigurationList section */
		607FACCB1AFB9204008FA782 /* Build configuration list for PBXProject "VertigoX" */ = {
			isa = XCConfigurationList;
			buildConfigurations = (
				607FACED1AFB9204008FA782 /* Debug */,
				607FACEE1AFB9204008FA782 /* Release */,
			);
			defaultConfigurationIsVisible = 0;
			defaultConfigurationName = Release;
		};
		607FACEF1AFB9204008FA782 /* Build configuration list for PBXNativeTarget "VertigoX_Example" */ = {
			isa = XCConfigurationList;
			buildConfigurations = (
				607FACF01AFB9204008FA782 /* Debug */,
				607FACF11AFB9204008FA782 /* Release */,
			);
			defaultConfigurationIsVisible = 0;
			defaultConfigurationName = Release;
		};
		607FACF21AFB9204008FA782 /* Build configuration list for PBXNativeTarget "VertigoX_Tests" */ = {
			isa = XCConfigurationList;
			buildConfigurations = (
				607FACF31AFB9204008FA782 /* Debug */,
				607FACF41AFB9204008FA782 /* Release */,
			);
			defaultConfigurationIsVisible = 0;
			defaultConfigurationName = Release;
		};
/* End XCConfigurationList section */
	};
	rootObject = 607FACC81AFB9204008FA782 /* Project object */;
}
